// !$*UTF8*$!
{
	archiveVersion = 1;
	classes = {
	};
	objectVersion = 50;
	objects = {

/* Begin PBXBuildFile section */
		CEB0175F257885E500364C73 /* AppDelegate.swift in Sources */ = {isa = PBXBuildFile; fileRef = CEB0175E257885E500364C73 /* AppDelegate.swift */; };
		CEB01761257885E500364C73 /* SceneDelegate.swift in Sources */ = {isa = PBXBuildFile; fileRef = CEB01760257885E500364C73 /* SceneDelegate.swift */; };
		CEB01763257885E500364C73 /* ContentView.swift in Sources */ = {isa = PBXBuildFile; fileRef = CEB01762257885E500364C73 /* ContentView.swift */; };
		CEB01765257885E700364C73 /* Assets.xcassets in Resources */ = {isa = PBXBuildFile; fileRef = CEB01764257885E700364C73 /* Assets.xcassets */; };
		CEB01768257885E700364C73 /* Preview Assets.xcassets in Resources */ = {isa = PBXBuildFile; fileRef = CEB01767257885E700364C73 /* Preview Assets.xcassets */; };
		CEB0176B257885E700364C73 /* LaunchScreen.storyboard in Resources */ = {isa = PBXBuildFile; fileRef = CEB01769257885E700364C73 /* LaunchScreen.storyboard */; };
		CEB017742578861C00364C73 /* UserSettings.swift in Sources */ = {isa = PBXBuildFile; fileRef = CEB017732578861C00364C73 /* UserSettings.swift */; };
		CEB0177B2578865100364C73 /* FancyScoreView.swift in Sources */ = {isa = PBXBuildFile; fileRef = CEB0177A2578865100364C73 /* FancyScoreView.swift */; };
/* End PBXBuildFile section */

/* Begin PBXFileReference section */
		CEB0175B257885E500364C73 /* Understanding Environment Object.app */ = {isa = PBXFileReference; explicitFileType = wrapper.application; includeInIndex = 0; path = "Understanding Environment Object.app"; sourceTree = BUILT_PRODUCTS_DIR; };
		CEB0175E257885E500364C73 /* AppDelegate.swift */ = {isa = PBXFileReference; lastKnownFileType = sourcecode.swift; path = AppDelegate.swift; sourceTree = "<group>"; };
		CEB01760257885E500364C73 /* SceneDelegate.swift */ = {isa = PBXFileReference; lastKnownFileType = sourcecode.swift; path = SceneDelegate.swift; sourceTree = "<group>"; };
		CEB01762257885E500364C73 /* ContentView.swift */ = {isa = PBXFileReference; lastKnownFileType = sourcecode.swift; path = ContentView.swift; sourceTree = "<group>"; };
		CEB01764257885E700364C73 /* Assets.xcassets */ = {isa = PBXFileReference; lastKnownFileType = folder.assetcatalog; path = Assets.xcassets; sourceTree = "<group>"; };
		CEB01767257885E700364C73 /* Preview Assets.xcassets */ = {isa = PBXFileReference; lastKnownFileType = folder.assetcatalog; path = "Preview Assets.xcassets"; sourceTree = "<group>"; };
		CEB0176A257885E700364C73 /* Base */ = {isa = PBXFileReference; lastKnownFileType = file.storyboard; name = Base; path = Base.lproj/LaunchScreen.storyboard; sourceTree = "<group>"; };
		CEB0176C257885E700364C73 /* Info.plist */ = {isa = PBXFileReference; lastKnownFileType = text.plist.xml; path = Info.plist; sourceTree = "<group>"; };
		CEB017732578861C00364C73 /* UserSettings.swift */ = {isa = PBXFileReference; lastKnownFileType = sourcecode.swift; path = UserSettings.swift; sourceTree = "<group>"; };
		CEB0177A2578865100364C73 /* FancyScoreView.swift */ = {isa = PBXFileReference; lastKnownFileType = sourcecode.swift; path = FancyScoreView.swift; sourceTree = "<group>"; };
/* End PBXFileReference section */

/* Begin PBXFrameworksBuildPhase section */
		CEB01758257885E500364C73 /* Frameworks */ = {
			isa = PBXFrameworksBuildPhase;
			buildActionMask = 2147483647;
			files = (
			);
			runOnlyForDeploymentPostprocessing = 0;
		};
/* End PBXFrameworksBuildPhase section */

/* Begin PBXGroup section */
		CEB01752257885E500364C73 = {
			isa = PBXGroup;
			children = (
				CEB0175D257885E500364C73 /* Understanding Environment Object */,
				CEB0175C257885E500364C73 /* Products */,
			);
			sourceTree = "<group>";
		};
		CEB0175C257885E500364C73 /* Products */ = {
			isa = PBXGroup;
			children = (
				CEB0175B257885E500364C73 /* Understanding Environment Object.app */,
			);
			name = Products;
			sourceTree = "<group>";
		};
		CEB0175D257885E500364C73 /* Understanding Environment Object */ = {
			isa = PBXGroup;
			children = (
				CEB0175E257885E500364C73 /* AppDelegate.swift */,
				CEB01760257885E500364C73 /* SceneDelegate.swift */,
				CEB01762257885E500364C73 /* ContentView.swift */,
				CEB01764257885E700364C73 /* Assets.xcassets */,
				CEB01769257885E700364C73 /* LaunchScreen.storyboard */,
				CEB0176C257885E700364C73 /* Info.plist */,
				CEB01766257885E700364C73 /* Preview Content */,
				CEB017732578861C00364C73 /* UserSettings.swift */,
				CEB0177A2578865100364C73 /* FancyScoreView.swift */,
			);
			path = "Understanding Environment Object";
			sourceTree = "<group>";
		};
		CEB01766257885E700364C73 /* Preview Content */ = {
			isa = PBXGroup;
			children = (
				CEB01767257885E700364C73 /* Preview Assets.xcassets */,
			);
			path = "Preview Content";
			sourceTree = "<group>";
		};
/* End PBXGroup section */

/* Begin PBXNativeTarget section */
		CEB0175A257885E500364C73 /* Understanding Environment Object */ = {
			isa = PBXNativeTarget;
			buildConfigurationList = CEB0176F257885E700364C73 /* Build configuration list for PBXNativeTarget "Understanding Environment Object" */;
			buildPhases = (
				CEB01757257885E500364C73 /* Sources */,
				CEB01758257885E500364C73 /* Frameworks */,
				CEB01759257885E500364C73 /* Resources */,
			);
			buildRules = (
			);
			dependencies = (
			);
			name = "Understanding Environment Object";
			productName = "Understanding Environment Object";
			productReference = CEB0175B257885E500364C73 /* Understanding Environment Object.app */;
			productType = "com.apple.product-type.application";
		};
/* End PBXNativeTarget section */

/* Begin PBXProject section */
		CEB01753257885E500364C73 /* Project object */ = {
			isa = PBXProject;
			attributes = {
				LastSwiftUpdateCheck = 1220;
				LastUpgradeCheck = 1220;
				TargetAttributes = {
					CEB0175A257885E500364C73 = {
						CreatedOnToolsVersion = 12.2;
					};
				};
			};
			buildConfigurationList = CEB01756257885E500364C73 /* Build configuration list for PBXProject "Understanding Environment Object" */;
			compatibilityVersion = "Xcode 9.3";
			developmentRegion = en;
			hasScannedForEncodings = 0;
			knownRegions = (
				en,
				Base,
			);
			mainGroup = CEB01752257885E500364C73;
			productRefGroup = CEB0175C257885E500364C73 /* Products */;
			projectDirPath = "";
			projectRoot = "";
			targets = (
				CEB0175A257885E500364C73 /* Understanding Environment Object */,
			);
		};
/* End PBXProject section */

/* Begin PBXResourcesBuildPhase section */
		CEB01759257885E500364C73 /* Resources */ = {
			isa = PBXResourcesBuildPhase;
			buildActionMask = 2147483647;
			files = (
				CEB0176B257885E700364C73 /* LaunchScreen.storyboard in Resources */,
				CEB01768257885E700364C73 /* Preview Assets.xcassets in Resources */,
				CEB01765257885E700364C73 /* Assets.xcassets in Resources */,
			);
			runOnlyForDeploymentPostprocessing = 0;
		};
/* End PBXResourcesBuildPhase section */

/* Begin PBXSourcesBuildPhase section */
		CEB01757257885E500364C73 /* Sources */ = {
			isa = PBXSourcesBuildPhase;
			buildActionMask = 2147483647;
			files = (
				CEB0175F257885E500364C73 /* AppDelegate.swift in Sources */,
				CEB017742578861C00364C73 /* UserSettings.swift in Sources */,
				CEB0177B2578865100364C73 /* FancyScoreView.swift in Sources */,
				CEB01761257885E500364C73 /* SceneDelegate.swift in Sources */,
				CEB01763257885E500364C73 /* ContentView.swift in Sources */,
			);
			runOnlyForDeploymentPostprocessing = 0;
		};
/* End PBXSourcesBuildPhase section */

/* Begin PBXVariantGroup section */
		CEB01769257885E700364C73 /* LaunchScreen.storyboard */ = {
			isa = PBXVariantGroup;
			children = (
				CEB0176A257885E700364C73 /* Base */,
			);
			name = LaunchScreen.storyboard;
			sourceTree = "<group>";
		};
/* End PBXVariantGroup section */

/* Begin XCBuildConfiguration section */
		CEB0176D257885E700364C73 /* Debug */ = {
			isa = XCBuildConfiguration;
			buildSettings = {
				ALWAYS_SEARCH_USER_PATHS = NO;
				CLANG_ANALYZER_NONNULL = YES;
				CLANG_ANALYZER_NUMBER_OBJECT_CONVERSION = YES_AGGRESSIVE;
				CLANG_CXX_LANGUAGE_STANDARD = "gnu++14";
				CLANG_CXX_LIBRARY = "libc++";
				CLANG_ENABLE_MODULES = YES;
				CLANG_ENABLE_OBJC_ARC = YES;
				CLANG_ENABLE_OBJC_WEAK = YES;
				CLANG_WARN_BLOCK_CAPTURE_AUTORELEASING = YES;
				CLANG_WARN_BOOL_CONVERSION = YES;
				CLANG_WARN_COMMA = YES;
				CLANG_WARN_CONSTANT_CONVERSION = YES;
				CLANG_WARN_DEPRECATED_OBJC_IMPLEMENTATIONS = YES;
				CLANG_WARN_DIRECT_OBJC_ISA_USAGE = YES_ERROR;
				CLANG_WARN_DOCUMENTATION_COMMENTS = YES;
				CLANG_WARN_EMPTY_BODY = YES;
				CLANG_WARN_ENUM_CONVERSION = YES;
				CLANG_WARN_INFINITE_RECURSION = YES;
				CLANG_WARN_INT_CONVERSION = YES;
				CLANG_WARN_NON_LITERAL_NULL_CONVERSION = YES;
				CLANG_WARN_OBJC_IMPLICIT_RETAIN_SELF = YES;
				CLANG_WARN_OBJC_LITERAL_CONVERSION = YES;
				CLANG_WARN_OBJC_ROOT_CLASS = YES_ERROR;
				CLANG_WARN_QUOTED_INCLUDE_IN_FRAMEWORK_HEADER = YES;
				CLANG_WARN_RANGE_LOOP_ANALYSIS = YES;
				CLANG_WARN_STRICT_PROTOTYPES = YES;
				CLANG_WARN_SUSPICIOUS_MOVE = YES;
				CLANG_WARN_UNGUARDED_AVAILABILITY = YES_AGGRESSIVE;
				CLANG_WARN_UNREACHABLE_CODE = YES;
				CLANG_WARN__DUPLICATE_METHOD_MATCH = YES;
				COPY_PHASE_STRIP = NO;
				DEBUG_INFORMATION_FORMAT = dwarf;
				ENABLE_STRICT_OBJC_MSGSEND = YES;
				ENABLE_TESTABILITY = YES;
				GCC_C_LANGUAGE_STANDARD = gnu11;
				GCC_DYNAMIC_NO_PIC = NO;
				GCC_NO_COMMON_BLOCKS = YES;
				GCC_OPTIMIZATION_LEVEL = 0;
				GCC_PREPROCESSOR_DEFINITIONS = (
					"DEBUG=1",
					"$(inherited)",
				);
				GCC_WARN_64_TO_32_BIT_CONVERSION = YES;
				GCC_WARN_ABOUT_RETURN_TYPE = YES_ERROR;
				GCC_WARN_UNDECLARED_SELECTOR = YES;
				GCC_WARN_UNINITIALIZED_AUTOS = YES_AGGRESSIVE;
				GCC_WARN_UNUSED_FUNCTION = YES;
				GCC_WARN_UNUSED_VARIABLE = YES;
				IPHONEOS_DEPLOYMENT_TARGET = 14.2;
				MTL_ENABLE_DEBUG_INFO = INCLUDE_SOURCE;
				MTL_FAST_MATH = YES;
				ONLY_ACTIVE_ARCH = YES;
				SDKROOT = iphoneos;
				SWIFT_ACTIVE_COMPILATION_CONDITIONS = DEBUG;
				SWIFT_OPTIMIZATION_LEVEL = "-Onone";
			};
			name = Debug;
		};
		CEB0176E257885E700364C73 /* Release */ = {
			isa = XCBuildConfiguration;
			buildSettings = {
				ALWAYS_SEARCH_USER_PATHS = NO;
				CLANG_ANALYZER_NONNULL = YES;
				CLANG_ANALYZER_NUMBER_OBJECT_CONVERSION = YES_AGGRESSIVE;
				CLANG_CXX_LANGUAGE_STANDARD = "gnu++14";
				CLANG_CXX_LIBRARY = "libc++";
				CLANG_ENABLE_MODULES = YES;
				CLANG_ENABLE_OBJC_ARC = YES;
				CLANG_ENABLE_OBJC_WEAK = YES;
				CLANG_WARN_BLOCK_CAPTURE_AUTORELEASING = YES;
				CLANG_WARN_BOOL_CONVERSION = YES;
				CLANG_WARN_COMMA = YES;
				CLANG_WARN_CONSTANT_CONVERSION = YES;
				CLANG_WARN_DEPRECATED_OBJC_IMPLEMENTATIONS = YES;
				CLANG_WARN_DIRECT_OBJC_ISA_USAGE = YES_ERROR;
				CLANG_WARN_DOCUMENTATION_COMMENTS = YES;
				CLANG_WARN_EMPTY_BODY = YES;
				CLANG_WARN_ENUM_CONVERSION = YES;
				CLANG_WARN_INFINITE_RECURSION = YES;
				CLANG_WARN_INT_CONVERSION = YES;
				CLANG_WARN_NON_LITERAL_NULL_CONVERSION = YES;
				CLANG_WARN_OBJC_IMPLICIT_RETAIN_SELF = YES;
				CLANG_WARN_OBJC_LITERAL_CONVERSION = YES;
				CLANG_WARN_OBJC_ROOT_CLASS = YES_ERROR;
				CLANG_WARN_QUOTED_INCLUDE_IN_FRAMEWORK_HEADER = YES;
				CLANG_WARN_RANGE_LOOP_ANALYSIS = YES;
				CLANG_WARN_STRICT_PROTOTYPES = YES;
				CLANG_WARN_SUSPICIOUS_MOVE = YES;
				CLANG_WARN_UNGUARDED_AVAILABILITY = YES_AGGRESSIVE;
				CLANG_WARN_UNREACHABLE_CODE = YES;
				CLANG_WARN__DUPLICATE_METHOD_MATCH = YES;
				COPY_PHASE_STRIP = NO;
				DEBUG_INFORMATION_FORMAT = "dwarf-with-dsym";
				ENABLE_NS_ASSERTIONS = NO;
				ENABLE_STRICT_OBJC_MSGSEND = YES;
				GCC_C_LANGUAGE_STANDARD = gnu11;
				GCC_NO_COMMON_BLOCKS = YES;
				GCC_WARN_64_TO_32_BIT_CONVERSION = YES;
				GCC_WARN_ABOUT_RETURN_TYPE = YES_ERROR;
				GCC_WARN_UNDECLARED_SELECTOR = YES;
				GCC_WARN_UNINITIALIZED_AUTOS = YES_AGGRESSIVE;
				GCC_WARN_UNUSED_FUNCTION = YES;
				GCC_WARN_UNUSED_VARIABLE = YES;
				IPHONEOS_DEPLOYMENT_TARGET = 14.2;
				MTL_ENABLE_DEBUG_INFO = NO;
				MTL_FAST_MATH = YES;
				SDKROOT = iphoneos;
				SWIFT_COMPILATION_MODE = wholemodule;
				SWIFT_OPTIMIZATION_LEVEL = "-O";
				VALIDATE_PRODUCT = YES;
			};
			name = Release;
		};
		CEB01770257885E700364C73 /* Debug */ = {
			isa = XCBuildConfiguration;
			buildSettings = {
				ASSETCATALOG_COMPILER_APPICON_NAME = AppIcon;
				ASSETCATALOG_COMPILER_GLOBAL_ACCENT_COLOR_NAME = AccentColor;
				CODE_SIGN_STYLE = Automatic;
				DEVELOPMENT_ASSET_PATHS = "\"Understanding Environment Object/Preview Content\"";
				DEVELOPMENT_TEAM = K78A8RWWQN;
				ENABLE_PREVIEWS = YES;
				INFOPLIST_FILE = "Understanding Environment Object/Info.plist";
				LD_RUNPATH_SEARCH_PATHS = (
					"$(inherited)",
					"@executable_path/Frameworks",
				);
				PRODUCT_BUNDLE_IDENTIFIER = "com.learn.swiftui.Understanding-Environment-Object";
				PRODUCT_NAME = "$(TARGET_NAME)";
				SWIFT_VERSION = 5.0;
				TARGETED_DEVICE_FAMILY = "1,2";
			};
			name = Debug;
		};
		CEB01771257885E700364C73 /* Release */ = {
			isa = XCBuildConfiguration;
			buildSettings = {
				ASSETCATALOG_COMPILER_APPICON_NAME = AppIcon;
				ASSETCATALOG_COMPILER_GLOBAL_ACCENT_COLOR_NAME = AccentColor;
				CODE_SIGN_STYLE = Automatic;
				DEVELOPMENT_ASSET_PATHS = "\"Understanding Environment Object/Preview Content\"";
				DEVELOPMENT_TEAM = K78A8RWWQN;
				ENABLE_PREVIEWS = YES;
				INFOPLIST_FILE = "Understanding Environment Object/Info.plist";
				LD_RUNPATH_SEARCH_PATHS = (
					"$(inherited)",
					"@executable_path/Frameworks",
				);
				PRODUCT_BUNDLE_IDENTIFIER = "com.learn.swiftui.Understanding-Environment-Object";
				PRODUCT_NAME = "$(TARGET_NAME)";
				SWIFT_VERSION = 5.0;
				TARGETED_DEVICE_FAMILY = "1,2";
			};
			name = Release;
		};
/* End XCBuildConfiguration section */

/* Begin XCConfigurationList section */
		CEB01756257885E500364C73 /* Build configuration list for PBXProject "Understanding Environment Object" */ = {
			isa = XCConfigurationList;
			buildConfigurations = (
				CEB0176D257885E700364C73 /* Debug */,
				CEB0176E257885E700364C73 /* Release */,
			);
			defaultConfigurationIsVisible = 0;
			defaultConfigurationName = Release;
		};
		CEB0176F257885E700364C73 /* Build configuration list for PBXNativeTarget "Understanding Environment Object" */ = {
			isa = XCConfigurationList;
			buildConfigurations = (
				CEB01770257885E700364C73 /* Debug */,
				CEB01771257885E700364C73 /* Release */,
			);
			defaultConfigurationIsVisible = 0;
			defaultConfigurationName = Release;
		};
/* End XCConfigurationList section */
	};
	rootObject = CEB01753257885E500364C73 /* Project object */;
}
