// !$*UTF8*$!
{
	archiveVersion = 1;
	classes = {
	};
	objectVersion = 50;
	objects = {

/* Begin PBXBuildFile section */
		8DB35C2A2495898A0000E69D /* URLImage.swift in Sources */ = {isa = PBXBuildFile; fileRef = 8DB35C292495898A0000E69D /* URLImage.swift */; };
		8DB35C2D24958A190000E69D /* ImageLoader.swift in Sources */ = {isa = PBXBuildFile; fileRef = 8DB35C2C24958A190000E69D /* ImageLoader.swift */; };
		8DC0EAF02492A41100642BF3 /* Array+Extensions.swift in Sources */ = {isa = PBXBuildFile; fileRef = 8DC0EAEF2492A41100642BF3 /* Array+Extensions.swift */; };
		8DE24B332492A17600D16454 /* AppDelegate.swift in Sources */ = {isa = PBXBuildFile; fileRef = 8DE24B322492A17600D16454 /* AppDelegate.swift */; };
		8DE24B352492A17600D16454 /* SceneDelegate.swift in Sources */ = {isa = PBXBuildFile; fileRef = 8DE24B342492A17600D16454 /* SceneDelegate.swift */; };
		8DE24B372492A17600D16454 /* ContentView.swift in Sources */ = {isa = PBXBuildFile; fileRef = 8DE24B362492A17600D16454 /* ContentView.swift */; };
		8DE24B392492A17800D16454 /* Assets.xcassets in Resources */ = {isa = PBXBuildFile; fileRef = 8DE24B382492A17800D16454 /* Assets.xcassets */; };
		8DE24B3C2492A17800D16454 /* Preview Assets.xcassets in Resources */ = {isa = PBXBuildFile; fileRef = 8DE24B3B2492A17800D16454 /* Preview Assets.xcassets */; };
		8DE24B3F2492A17800D16454 /* LaunchScreen.storyboard in Resources */ = {isa = PBXBuildFile; fileRef = 8DE24B3D2492A17800D16454 /* LaunchScreen.storyboard */; };
/* End PBXBuildFile section */

/* Begin PBXFileReference section */
		8DB35C292495898A0000E69D /* URLImage.swift */ = {isa = PBXFileReference; lastKnownFileType = sourcecode.swift; path = URLImage.swift; sourceTree = "<group>"; };
		8DB35C2C24958A190000E69D /* ImageLoader.swift */ = {isa = PBXFileReference; lastKnownFileType = sourcecode.swift; path = ImageLoader.swift; sourceTree = "<group>"; };
		8DC0EAEF2492A41100642BF3 /* Array+Extensions.swift */ = {isa = PBXFileReference; lastKnownFileType = sourcecode.swift; path = "Array+Extensions.swift"; sourceTree = "<group>"; };
		8DE24B2F2492A17600D16454 /* GridSwiftUI.app */ = {isa = PBXFileReference; explicitFileType = wrapper.application; includeInIndex = 0; path = GridSwiftUI.app; sourceTree = BUILT_PRODUCTS_DIR; };
		8DE24B322492A17600D16454 /* AppDelegate.swift */ = {isa = PBXFileReference; lastKnownFileType = sourcecode.swift; path = AppDelegate.swift; sourceTree = "<group>"; };
		8DE24B342492A17600D16454 /* SceneDelegate.swift */ = {isa = PBXFileReference; lastKnownFileType = sourcecode.swift; path = SceneDelegate.swift; sourceTree = "<group>"; };
		8DE24B362492A17600D16454 /* ContentView.swift */ = {isa = PBXFileReference; lastKnownFileType = sourcecode.swift; path = ContentView.swift; sourceTree = "<group>"; };
		8DE24B382492A17800D16454 /* Assets.xcassets */ = {isa = PBXFileReference; lastKnownFileType = folder.assetcatalog; path = Assets.xcassets; sourceTree = "<group>"; };
		8DE24B3B2492A17800D16454 /* Preview Assets.xcassets */ = {isa = PBXFileReference; lastKnownFileType = folder.assetcatalog; path = "Preview Assets.xcassets"; sourceTree = "<group>"; };
		8DE24B3E2492A17800D16454 /* Base */ = {isa = PBXFileReference; lastKnownFileType = file.storyboard; name = Base; path = Base.lproj/LaunchScreen.storyboard; sourceTree = "<group>"; };
		8DE24B402492A17800D16454 /* Info.plist */ = {isa = PBXFileReference; lastKnownFileType = text.plist.xml; path = Info.plist; sourceTree = "<group>"; };
/* End PBXFileReference section */

/* Begin PBXFrameworksBuildPhase section */
		8DE24B2C2492A17600D16454 /* Frameworks */ = {
			isa = PBXFrameworksBuildPhase;
			buildActionMask = 2147483647;
			files = (
			);
			runOnlyForDeploymentPostprocessing = 0;
		};
/* End PBXFrameworksBuildPhase section */

/* Begin PBXGroup section */
		8DB35C26249588080000E69D /* Views */ = {
			isa = PBXGroup;
			children = (
				8DB35C292495898A0000E69D /* URLImage.swift */,
			);
			path = Views;
			sourceTree = "<group>";
		};
		8DB35C2B24958A0E0000E69D /* Services */ = {
			isa = PBXGroup;
			children = (
				8DB35C2C24958A190000E69D /* ImageLoader.swift */,
			);
			path = Services;
			sourceTree = "<group>";
		};
		8DC0EAEE2492A3FE00642BF3 /* Extensions */ = {
			isa = PBXGroup;
			children = (
				8DC0EAEF2492A41100642BF3 /* Array+Extensions.swift */,
			);
			path = Extensions;
			sourceTree = "<group>";
		};
		8DE24B262492A17600D16454 = {
			isa = PBXGroup;
			children = (
				8DE24B312492A17600D16454 /* GridSwiftUI */,
				8DE24B302492A17600D16454 /* Products */,
			);
			sourceTree = "<group>";
		};
		8DE24B302492A17600D16454 /* Products */ = {
			isa = PBXGroup;
			children = (
				8DE24B2F2492A17600D16454 /* GridSwiftUI.app */,
			);
			name = Products;
			sourceTree = "<group>";
		};
		8DE24B312492A17600D16454 /* GridSwiftUI */ = {
			isa = PBXGroup;
			children = (
				8DB35C2B24958A0E0000E69D /* Services */,
				8DB35C26249588080000E69D /* Views */,
				8DC0EAEE2492A3FE00642BF3 /* Extensions */,
				8DE24B322492A17600D16454 /* AppDelegate.swift */,
				8DE24B342492A17600D16454 /* SceneDelegate.swift */,
				8DE24B362492A17600D16454 /* ContentView.swift */,
				8DE24B382492A17800D16454 /* Assets.xcassets */,
				8DE24B3D2492A17800D16454 /* LaunchScreen.storyboard */,
				8DE24B402492A17800D16454 /* Info.plist */,
				8DE24B3A2492A17800D16454 /* Preview Content */,
			);
			path = GridSwiftUI;
			sourceTree = "<group>";
		};
		8DE24B3A2492A17800D16454 /* Preview Content */ = {
			isa = PBXGroup;
			children = (
				8DE24B3B2492A17800D16454 /* Preview Assets.xcassets */,
			);
			path = "Preview Content";
			sourceTree = "<group>";
		};
/* End PBXGroup section */

/* Begin PBXNativeTarget section */
		8DE24B2E2492A17600D16454 /* GridSwiftUI */ = {
			isa = PBXNativeTarget;
			buildConfigurationList = 8DE24B432492A17800D16454 /* Build configuration list for PBXNativeTarget "GridSwiftUI" */;
			buildPhases = (
				8DE24B2B2492A17600D16454 /* Sources */,
				8DE24B2C2492A17600D16454 /* Frameworks */,
				8DE24B2D2492A17600D16454 /* Resources */,
			);
			buildRules = (
			);
			dependencies = (
			);
			name = GridSwiftUI;
			productName = GridSwiftUI;
			productReference = 8DE24B2F2492A17600D16454 /* GridSwiftUI.app */;
			productType = "com.apple.product-type.application";
		};
/* End PBXNativeTarget section */

/* Begin PBXProject section */
		8DE24B272492A17600D16454 /* Project object */ = {
			isa = PBXProject;
			attributes = {
				LastSwiftUpdateCheck = 1150;
				LastUpgradeCheck = 1150;
				ORGANIZATIONNAME = "Mohammad Azam";
				TargetAttributes = {
					8DE24B2E2492A17600D16454 = {
						CreatedOnToolsVersion = 11.5;
					};
				};
			};
			buildConfigurationList = 8DE24B2A2492A17600D16454 /* Build configuration list for PBXProject "GridSwiftUI" */;
			compatibilityVersion = "Xcode 9.3";
			developmentRegion = en;
			hasScannedForEncodings = 0;
			knownRegions = (
				en,
				Base,
			);
			mainGroup = 8DE24B262492A17600D16454;
			productRefGroup = 8DE24B302492A17600D16454 /* Products */;
			projectDirPath = "";
			projectRoot = "";
			targets = (
				8DE24B2E2492A17600D16454 /* GridSwiftUI */,
			);
		};
/* End PBXProject section */

/* Begin PBXResourcesBuildPhase section */
		8DE24B2D2492A17600D16454 /* Resources */ = {
			isa = PBXResourcesBuildPhase;
			buildActionMask = 2147483647;
			files = (
				8DE24B3F2492A17800D16454 /* LaunchScreen.storyboard in Resources */,
				8DE24B3C2492A17800D16454 /* Preview Assets.xcassets in Resources */,
				8DE24B392492A17800D16454 /* Assets.xcassets in Resources */,
			);
			runOnlyForDeploymentPostprocessing = 0;
		};
/* End PBXResourcesBuildPhase section */

/* Begin PBXSourcesBuildPhase section */
		8DE24B2B2492A17600D16454 /* Sources */ = {
			isa = PBXSourcesBuildPhase;
			buildActionMask = 2147483647;
			files = (
				8DE24B332492A17600D16454 /* AppDelegate.swift in Sources */,
				8DE24B352492A17600D16454 /* SceneDelegate.swift in Sources */,
				8DB35C2D24958A190000E69D /* ImageLoader.swift in Sources */,
				8DE24B372492A17600D16454 /* ContentView.swift in Sources */,
				8DB35C2A2495898A0000E69D /* URLImage.swift in Sources */,
				8DC0EAF02492A41100642BF3 /* Array+Extensions.swift in Sources */,
			);
			runOnlyForDeploymentPostprocessing = 0;
		};
/* End PBXSourcesBuildPhase section */

/* Begin PBXVariantGroup section */
		8DE24B3D2492A17800D16454 /* LaunchScreen.storyboard */ = {
			isa = PBXVariantGroup;
			children = (
				8DE24B3E2492A17800D16454 /* Base */,
			);
			name = LaunchScreen.storyboard;
			sourceTree = "<group>";
		};
/* End PBXVariantGroup section */

/* Begin XCBuildConfiguration section */
		8DE24B412492A17800D16454 /* Debug */ = {
			isa = XCBuildConfiguration;
			buildSettings = {
				ALWAYS_SEARCH_USER_PATHS = NO;
				CLANG_ANALYZER_NONNULL = YES;
				CLANG_ANALYZER_NUMBER_OBJECT_CONVERSION = YES_AGGRESSIVE;
				CLANG_CXX_LANGUAGE_STANDARD = "gnu++14";
				CLANG_CXX_LIBRARY = "libc++";
				CLANG_ENABLE_MODULES = YES;
				CLANG_ENABLE_OBJC_ARC = YES;
				CLANG_ENABLE_OBJC_WEAK = YES;
				CLANG_WARN_BLOCK_CAPTURE_AUTORELEASING = YES;
				CLANG_WARN_BOOL_CONVERSION = YES;
				CLANG_WARN_COMMA = YES;
				CLANG_WARN_CONSTANT_CONVERSION = YES;
				CLANG_WARN_DEPRECATED_OBJC_IMPLEMENTATIONS = YES;
				CLANG_WARN_DIRECT_OBJC_ISA_USAGE = YES_ERROR;
				CLANG_WARN_DOCUMENTATION_COMMENTS = YES;
				CLANG_WARN_EMPTY_BODY = YES;
				CLANG_WARN_ENUM_CONVERSION = YES;
				CLANG_WARN_INFINITE_RECURSION = YES;
				CLANG_WARN_INT_CONVERSION = YES;
				CLANG_WARN_NON_LITERAL_NULL_CONVERSION = YES;
				CLANG_WARN_OBJC_IMPLICIT_RETAIN_SELF = YES;
				CLANG_WARN_OBJC_LITERAL_CONVERSION = YES;
				CLANG_WARN_OBJC_ROOT_CLASS = YES_ERROR;
				CLANG_WARN_RANGE_LOOP_ANALYSIS = YES;
				CLANG_WARN_STRICT_PROTOTYPES = YES;
				CLANG_WARN_SUSPICIOUS_MOVE = YES;
				CLANG_WARN_UNGUARDED_AVAILABILITY = YES_AGGRESSIVE;
				CLANG_WARN_UNREACHABLE_CODE = YES;
				CLANG_WARN__DUPLICATE_METHOD_MATCH = YES;
				COPY_PHASE_STRIP = NO;
				DEBUG_INFORMATION_FORMAT = dwarf;
				ENABLE_STRICT_OBJC_MSGSEND = YES;
				ENABLE_TESTABILITY = YES;
				GCC_C_LANGUAGE_STANDARD = gnu11;
				GCC_DYNAMIC_NO_PIC = NO;
				GCC_NO_COMMON_BLOCKS = YES;
				GCC_OPTIMIZATION_LEVEL = 0;
				GCC_PREPROCESSOR_DEFINITIONS = (
					"DEBUG=1",
					"$(inherited)",
				);
				GCC_WARN_64_TO_32_BIT_CONVERSION = YES;
				GCC_WARN_ABOUT_RETURN_TYPE = YES_ERROR;
				GCC_WARN_UNDECLARED_SELECTOR = YES;
				GCC_WARN_UNINITIALIZED_AUTOS = YES_AGGRESSIVE;
				GCC_WARN_UNUSED_FUNCTION = YES;
				GCC_WARN_UNUSED_VARIABLE = YES;
				IPHONEOS_DEPLOYMENT_TARGET = 13.5;
				MTL_ENABLE_DEBUG_INFO = INCLUDE_SOURCE;
				MTL_FAST_MATH = YES;
				ONLY_ACTIVE_ARCH = YES;
				SDKROOT = iphoneos;
				SWIFT_ACTIVE_COMPILATION_CONDITIONS = DEBUG;
				SWIFT_OPTIMIZATION_LEVEL = "-Onone";
			};
			name = Debug;
		};
		8DE24B422492A17800D16454 /* Release */ = {
			isa = XCBuildConfiguration;
			buildSettings = {
				ALWAYS_SEARCH_USER_PATHS = NO;
				CLANG_ANALYZER_NONNULL = YES;
				CLANG_ANALYZER_NUMBER_OBJECT_CONVERSION = YES_AGGRESSIVE;
				CLANG_CXX_LANGUAGE_STANDARD = "gnu++14";
				CLANG_CXX_LIBRARY = "libc++";
				CLANG_ENABLE_MODULES = YES;
				CLANG_ENABLE_OBJC_ARC = YES;
				CLANG_ENABLE_OBJC_WEAK = YES;
				CLANG_WARN_BLOCK_CAPTURE_AUTORELEASING = YES;
				CLANG_WARN_BOOL_CONVERSION = YES;
				CLANG_WARN_COMMA = YES;
				CLANG_WARN_CONSTANT_CONVERSION = YES;
				CLANG_WARN_DEPRECATED_OBJC_IMPLEMENTATIONS = YES;
				CLANG_WARN_DIRECT_OBJC_ISA_USAGE = YES_ERROR;
				CLANG_WARN_DOCUMENTATION_COMMENTS = YES;
				CLANG_WARN_EMPTY_BODY = YES;
				CLANG_WARN_ENUM_CONVERSION = YES;
				CLANG_WARN_INFINITE_RECURSION = YES;
				CLANG_WARN_INT_CONVERSION = YES;
				CLANG_WARN_NON_LITERAL_NULL_CONVERSION = YES;
				CLANG_WARN_OBJC_IMPLICIT_RETAIN_SELF = YES;
				CLANG_WARN_OBJC_LITERAL_CONVERSION = YES;
				CLANG_WARN_OBJC_ROOT_CLASS = YES_ERROR;
				CLANG_WARN_RANGE_LOOP_ANALYSIS = YES;
				CLANG_WARN_STRICT_PROTOTYPES = YES;
				CLANG_WARN_SUSPICIOUS_MOVE = YES;
				CLANG_WARN_UNGUARDED_AVAILABILITY = YES_AGGRESSIVE;
				CLANG_WARN_UNREACHABLE_CODE = YES;
				CLANG_WARN__DUPLICATE_METHOD_MATCH = YES;
				COPY_PHASE_STRIP = NO;
				DEBUG_INFORMATION_FORMAT = "dwarf-with-dsym";
				ENABLE_NS_ASSERTIONS = NO;
				ENABLE_STRICT_OBJC_MSGSEND = YES;
				GCC_C_LANGUAGE_STANDARD = gnu11;
				GCC_NO_COMMON_BLOCKS = YES;
				GCC_WARN_64_TO_32_BIT_CONVERSION = YES;
				GCC_WARN_ABOUT_RETURN_TYPE = YES_ERROR;
				GCC_WARN_UNDECLARED_SELECTOR = YES;
				GCC_WARN_UNINITIALIZED_AUTOS = YES_AGGRESSIVE;
				GCC_WARN_UNUSED_FUNCTION = YES;
				GCC_WARN_UNUSED_VARIABLE = YES;
				IPHONEOS_DEPLOYMENT_TARGET = 13.5;
				MTL_ENABLE_DEBUG_INFO = NO;
				MTL_FAST_MATH = YES;
				SDKROOT = iphoneos;
				SWIFT_COMPILATION_MODE = wholemodule;
				SWIFT_OPTIMIZATION_LEVEL = "-O";
				VALIDATE_PRODUCT = YES;
			};
			name = Release;
		};
		8DE24B442492A17800D16454 /* Debug */ = {
			isa = XCBuildConfiguration;
			buildSettings = {
				ASSETCATALOG_COMPILER_APPICON_NAME = AppIcon;
				CODE_SIGN_STYLE = Automatic;
				DEVELOPMENT_ASSET_PATHS = "\"GridSwiftUI/Preview Content\"";
				DEVELOPMENT_TEAM = B2Q8EGNCQA;
				ENABLE_PREVIEWS = YES;
				INFOPLIST_FILE = GridSwiftUI/Info.plist;
				LD_RUNPATH_SEARCH_PATHS = (
					"$(inherited)",
					"@executable_path/Frameworks",
				);
				PRODUCT_BUNDLE_IDENTIFIER = com.azamsharp.GridSwiftUI;
				PRODUCT_NAME = "$(TARGET_NAME)";
				SWIFT_VERSION = 5.0;
				TARGETED_DEVICE_FAMILY = "1,2";
			};
			name = Debug;
		};
		8DE24B452492A17800D16454 /* Release */ = {
			isa = XCBuildConfiguration;
			buildSettings = {
				ASSETCATALOG_COMPILER_APPICON_NAME = AppIcon;
				CODE_SIGN_STYLE = Automatic;
				DEVELOPMENT_ASSET_PATHS = "\"GridSwiftUI/Preview Content\"";
				DEVELOPMENT_TEAM = B2Q8EGNCQA;
				ENABLE_PREVIEWS = YES;
				INFOPLIST_FILE = GridSwiftUI/Info.plist;
				LD_RUNPATH_SEARCH_PATHS = (
					"$(inherited)",
					"@executable_path/Frameworks",
				);
				PRODUCT_BUNDLE_IDENTIFIER = com.azamsharp.GridSwiftUI;
				PRODUCT_NAME = "$(TARGET_NAME)";
				SWIFT_VERSION = 5.0;
				TARGETED_DEVICE_FAMILY = "1,2";
			};
			name = Release;
		};
/* End XCBuildConfiguration section */

/* Begin XCConfigurationList section */
		8DE24B2A2492A17600D16454 /* Build configuration list for PBXProject "GridSwiftUI" */ = {
			isa = XCConfigurationList;
			buildConfigurations = (
				8DE24B412492A17800D16454 /* Debug */,
				8DE24B422492A17800D16454 /* Release */,
			);
			defaultConfigurationIsVisible = 0;
			defaultConfigurationName = Release;
		};
		8DE24B432492A17800D16454 /* Build configuration list for PBXNativeTarget "GridSwiftUI" */ = {
			isa = XCConfigurationList;
			buildConfigurations = (
				8DE24B442492A17800D16454 /* Debug */,
				8DE24B452492A17800D16454 /* Release */,
			);
			defaultConfigurationIsVisible = 0;
			defaultConfigurationName = Release;
		};
/* End XCConfigurationList section */
	};
	rootObject = 8DE24B272492A17600D16454 /* Project object */;
}
